
Microsoft Visual Studio Solution File, Format Version 12.00
# Visual Studio Version 17
VisualStudioVersion = 17.2.32616.157
MinimumVisualStudioVersion = 10.0.40219.1
Project("{9A19103F-16F7-4668-BE54-9A1E7A4F7556}") = "Diabase.StrongTypes.Tests", "Tests\Diabase.StrongTypes.Tests.csproj", "{AE6BE633-73C7-49F2-9868-335E9329593E}"
EndProject
Project("{9A19103F-16F7-4668-BE54-9A1E7A4F7556}") = "Diabase.StrongTypes.Generators", "Generators\Diabase.StrongTypes.Generators.csproj", "{82A66DF8-15E7-4892-B86C-DF2DD8C88E1E}"
EndProject
Project("{9A19103F-16F7-4668-BE54-9A1E7A4F7556}") = "Diabase.StrongTypes.TemplateDesign", "TemplateDesign\Diabase.StrongTypes.TemplateDesign.csproj", "{9D9856EF-3844-4AF2-99A7-C2B27DFA855B}"
EndProject
Project("{2150E333-8FDC-42A3-9474-1A3956D46DE8}") = "Solution Items", "Solution Items", "{1AB4C05F-6C8A-4727-84DA-353BD92245E8}"
	ProjectSection(SolutionItems) = preProject
		README.md = README.md
	EndProjectSection
EndProject
Project("{FAE04EC0-301F-11D3-BF4B-00C04F79EFBC}") = "Diabase.StrongTypes.Types", "Types\Diabase.StrongTypes.Types.csproj", "{81E3E485-AE50-4F0D-BF18-9A209A00C0EA}"
EndProject
Global
	GlobalSection(SolutionConfigurationPlatforms) = preSolution
		Debug|Any CPU = Debug|Any CPU
		Debug|x64 = Debug|x64
		Debug-Generator|Any CPU = Debug-Generator|Any CPU
		Debug-Generator|x64 = Debug-Generator|x64
		Release|Any CPU = Release|Any CPU
		Release|x64 = Release|x64
	EndGlobalSection
	GlobalSection(ProjectConfigurationPlatforms) = postSolution
		{AE6BE633-73C7-49F2-9868-335E9329593E}.Debug|Any CPU.ActiveCfg = Debug|Any CPU
		{AE6BE633-73C7-49F2-9868-335E9329593E}.Debug|Any CPU.Build.0 = Debug|Any CPU
		{AE6BE633-73C7-49F2-9868-335E9329593E}.Debug|x64.ActiveCfg = Debug|x64
		{AE6BE633-73C7-49F2-9868-335E9329593E}.Debug|x64.Build.0 = Debug|x64
		{AE6BE633-73C7-49F2-9868-335E9329593E}.Debug-Generator|Any CPU.ActiveCfg = Debug|Any CPU
		{AE6BE633-73C7-49F2-9868-335E9329593E}.Debug-Generator|Any CPU.Build.0 = Debug|Any CPU
		{AE6BE633-73C7-49F2-9868-335E9329593E}.Debug-Generator|x64.ActiveCfg = Debug|x64
		{AE6BE633-73C7-49F2-9868-335E9329593E}.Debug-Generator|x64.Build.0 = Debug|x64
		{AE6BE633-73C7-49F2-9868-335E9329593E}.Release|Any CPU.ActiveCfg = Release|Any CPU
		{AE6BE633-73C7-49F2-9868-335E9329593E}.Release|Any CPU.Build.0 = Release|Any CPU
		{AE6BE633-73C7-49F2-9868-335E9329593E}.Release|x64.ActiveCfg = Release|x64
		{AE6BE633-73C7-49F2-9868-335E9329593E}.Release|x64.Build.0 = Release|x64
		{82A66DF8-15E7-4892-B86C-DF2DD8C88E1E}.Debug|Any CPU.ActiveCfg = Debug|Any CPU
		{82A66DF8-15E7-4892-B86C-DF2DD8C88E1E}.Debug|Any CPU.Build.0 = Debug|Any CPU
		{82A66DF8-15E7-4892-B86C-DF2DD8C88E1E}.Debug|x64.ActiveCfg = Debug|x64
		{82A66DF8-15E7-4892-B86C-DF2DD8C88E1E}.Debug|x64.Build.0 = Debug|x64
		{82A66DF8-15E7-4892-B86C-DF2DD8C88E1E}.Debug-Generator|Any CPU.ActiveCfg = Debug|Any CPU
		{82A66DF8-15E7-4892-B86C-DF2DD8C88E1E}.Debug-Generator|Any CPU.Build.0 = Debug|Any CPU
		{82A66DF8-15E7-4892-B86C-DF2DD8C88E1E}.Debug-Generator|x64.ActiveCfg = Debug|x64
		{82A66DF8-15E7-4892-B86C-DF2DD8C88E1E}.Debug-Generator|x64.Build.0 = Debug|x64
		{82A66DF8-15E7-4892-B86C-DF2DD8C88E1E}.Release|Any CPU.ActiveCfg = Release|Any CPU
		{82A66DF8-15E7-4892-B86C-DF2DD8C88E1E}.Release|Any CPU.Build.0 = Release|Any CPU
		{82A66DF8-15E7-4892-B86C-DF2DD8C88E1E}.Release|x64.ActiveCfg = Release|x64
		{82A66DF8-15E7-4892-B86C-DF2DD8C88E1E}.Release|x64.Build.0 = Release|x64
		{9D9856EF-3844-4AF2-99A7-C2B27DFA855B}.Debug|Any CPU.ActiveCfg = Debug|Any CPU
		{9D9856EF-3844-4AF2-99A7-C2B27DFA855B}.Debug|Any CPU.Build.0 = Debug|Any CPU
		{9D9856EF-3844-4AF2-99A7-C2B27DFA855B}.Debug|x64.ActiveCfg = Debug|x64
		{9D9856EF-3844-4AF2-99A7-C2B27DFA855B}.Debug|x64.Build.0 = Debug|x64
		{9D9856EF-3844-4AF2-99A7-C2B27DFA855B}.Debug-Generator|Any CPU.ActiveCfg = Debug|Any CPU
		{9D9856EF-3844-4AF2-99A7-C2B27DFA855B}.Debug-Generator|Any CPU.Build.0 = Debug|Any CPU
		{9D9856EF-3844-4AF2-99A7-C2B27DFA855B}.Debug-Generator|x64.ActiveCfg = Debug|x64
		{9D9856EF-3844-4AF2-99A7-C2B27DFA855B}.Debug-Generator|x64.Build.0 = Debug|x64
		{9D9856EF-3844-4AF2-99A7-C2B27DFA855B}.Release|Any CPU.ActiveCfg = Release|Any CPU
		{9D9856EF-3844-4AF2-99A7-C2B27DFA855B}.Release|Any CPU.Build.0 = Release|Any CPU
		{9D9856EF-3844-4AF2-99A7-C2B27DFA855B}.Release|x64.ActiveCfg = Release|x64
		{9D9856EF-3844-4AF2-99A7-C2B27DFA855B}.Release|x64.Build.0 = Release|x64
		{81E3E485-AE50-4F0D-BF18-9A209A00C0EA}.Debug|Any CPU.ActiveCfg = Debug|Any CPU
		{81E3E485-AE50-4F0D-BF18-9A209A00C0EA}.Debug|Any CPU.Build.0 = Debug|Any CPU
		{81E3E485-AE50-4F0D-BF18-9A209A00C0EA}.Debug|x64.ActiveCfg = Debug|x64
		{81E3E485-AE50-4F0D-BF18-9A209A00C0EA}.Debug|x64.Build.0 = Debug|x64
		{81E3E485-AE50-4F0D-BF18-9A209A00C0EA}.Debug-Generator|Any CPU.ActiveCfg = Debug|Any CPU
		{81E3E485-AE50-4F0D-BF18-9A209A00C0EA}.Debug-Generator|Any CPU.Build.0 = Debug|Any CPU
		{81E3E485-AE50-4F0D-BF18-9A209A00C0EA}.Debug-Generator|x64.ActiveCfg = Debug|x64
		{81E3E485-AE50-4F0D-BF18-9A209A00C0EA}.Debug-Generator|x64.Build.0 = Debug|x64
		{81E3E485-AE50-4F0D-BF18-9A209A00C0EA}.Release|Any CPU.ActiveCfg = Release|Any CPU
		{81E3E485-AE50-4F0D-BF18-9A209A00C0EA}.Release|Any CPU.Build.0 = Release|Any CPU
		{81E3E485-AE50-4F0D-BF18-9A209A00C0EA}.Release|x64.ActiveCfg = Release|x64
		{81E3E485-AE50-4F0D-BF18-9A209A00C0EA}.Release|x64.Build.0 = Release|x64
	EndGlobalSection
	GlobalSection(SolutionProperties) = preSolution
		HideSolutionNode = FALSE
	EndGlobalSection
	GlobalSection(ExtensibilityGlobals) = postSolution
		SolutionGuid = {7D8A0476-B046-47B0-9629-04EFFB3E63F4}
	EndGlobalSection
EndGlobal
